
Microsoft Visual Studio Solution File, Format Version 12.00
# Visual Studio Version 17
VisualStudioVersion = 17.8.34408.163
MinimumVisualStudioVersion = 10.0.40219.1
Project("{FAE04EC0-301F-11D3-BF4B-00C04F79EFBC}") = "lesson11things", "lesson11things.csproj", "{2921798F-AE24-4372-AB01-61C546A01E5D}"
EndProject
Global
	GlobalSection(SolutionConfigurationPlatforms) = preSolution
		Debug|Any CPU = Debug|Any CPU
		Release|Any CPU = Release|Any CPU
	EndGlobalSection
	GlobalSection(ProjectConfigurationPlatforms) = postSolution
		{2921798F-AE24-4372-AB01-61C546A01E5D}.Debug|Any CPU.ActiveCfg = Debug|Any CPU
		{2921798F-AE24-4372-AB01-61C546A01E5D}.Debug|Any CPU.Build.0 = Debug|Any CPU
		{2921798F-AE24-4372-AB01-61C546A01E5D}.Release|Any CPU.ActiveCfg = Release|Any CPU
		{2921798F-AE24-4372-AB01-61C546A01E5D}.Release|Any CPU.Build.0 = Release|Any CPU
	EndGlobalSection
	GlobalSection(SolutionProperties) = preSolution
		HideSolutionNode = FALSE
	EndGlobalSection
	GlobalSection(ExtensibilityGlobals) = postSolution
		SolutionGuid = {51158E7D-B810-4D0B-9B44-F8F116A9B370}
	EndGlobalSection
EndGlobal
